
Microsoft Visual Studio Solution File, Format Version 12.00
# Visual Studio Version 17
VisualStudioVersion = 17.11.35327.3
MinimumVisualStudioVersion = 10.0.40219.1
Project("{9A19103F-16F7-4668-BE54-9A1E7A4F7556}") = "ENSEKApi.Api", "ENSEKApi\ENSEKApi.Api.csproj", "{F62739AB-586B-4576-BB7E-F66E9CFE247B}"
EndProject
Project("{9A19103F-16F7-4668-BE54-9A1E7A4F7556}") = "ENSEKApi.Models", "ENSEKApi.Models\ENSEKApi.Models.csproj", "{ACF2EB08-EDE9-4296-99C8-382F43837FC8}"
EndProject
Project("{9A19103F-16F7-4668-BE54-9A1E7A4F7556}") = "ENSEKApi.Repositories", "ENSEKApi.Repositories\ENSEKApi.Repositories.csproj", "{15027304-9279-41EF-A329-B90031C48BF0}"
EndProject
Project("{9A19103F-16F7-4668-BE54-9A1E7A4F7556}") = "ENSEKApi.Infrastructure.SqlServer", "ENSEKApi.Infrastructure.SqlServer\ENSEKApi.Infrastructure.SqlServer.csproj", "{62675EA5-4419-4E7D-9714-DCA8035EB775}"
EndProject
Project("{9A19103F-16F7-4668-BE54-9A1E7A4F7556}") = "ENSEKApi.Domain", "ENSEKApi.Domain\ENSEKApi.Domain.csproj", "{42E4F119-DAA6-40F0-A4DA-B39827057EAE}"
EndProject
Project("{9A19103F-16F7-4668-BE54-9A1E7A4F7556}") = "ENSEKApi.Infrastructure", "ENSEKApi.Infrastructure\ENSEKApi.Infrastructure.csproj", "{E5458114-384A-4C3E-BFC3-E5C22ADEF384}"
EndProject
Project("{9A19103F-16F7-4668-BE54-9A1E7A4F7556}") = "ENSEKApi.Services", "ENSEKApi.Services\ENSEKApi.Services.csproj", "{4ACE8FB2-947B-4488-8F68-CF36E8E366BB}"
EndProject
Project("{9A19103F-16F7-4668-BE54-9A1E7A4F7556}") = "ENSEKApi.Application", "ENSEKApi.Application\ENSEKApi.Application.csproj", "{2AA79771-484F-4BBD-8FE0-F331E6E1BA67}"
EndProject
Project("{2150E333-8FDC-42A3-9474-1A3956D46DE8}") = "Tests", "Tests", "{01BA51C9-C94A-41D3-8F22-7D2EAFB0EEC1}"
EndProject
Project("{9A19103F-16F7-4668-BE54-9A1E7A4F7556}") = "ENSEKApi.Api.Services.Tests", "ENSEKApi.Api.Services.Tests\ENSEKApi.Api.Services.Tests.csproj", "{D794A26D-5B5C-4DFD-A114-57C067EA49EE}"
EndProject
Global
	GlobalSection(SolutionConfigurationPlatforms) = preSolution
		Debug|Any CPU = Debug|Any CPU
		Release|Any CPU = Release|Any CPU
	EndGlobalSection
	GlobalSection(ProjectConfigurationPlatforms) = postSolution
		{F62739AB-586B-4576-BB7E-F66E9CFE247B}.Debug|Any CPU.ActiveCfg = Debug|Any CPU
		{F62739AB-586B-4576-BB7E-F66E9CFE247B}.Debug|Any CPU.Build.0 = Debug|Any CPU
		{F62739AB-586B-4576-BB7E-F66E9CFE247B}.Release|Any CPU.ActiveCfg = Release|Any CPU
		{F62739AB-586B-4576-BB7E-F66E9CFE247B}.Release|Any CPU.Build.0 = Release|Any CPU
		{ACF2EB08-EDE9-4296-99C8-382F43837FC8}.Debug|Any CPU.ActiveCfg = Debug|Any CPU
		{ACF2EB08-EDE9-4296-99C8-382F43837FC8}.Debug|Any CPU.Build.0 = Debug|Any CPU
		{ACF2EB08-EDE9-4296-99C8-382F43837FC8}.Release|Any CPU.ActiveCfg = Release|Any CPU
		{ACF2EB08-EDE9-4296-99C8-382F43837FC8}.Release|Any CPU.Build.0 = Release|Any CPU
		{15027304-9279-41EF-A329-B90031C48BF0}.Debug|Any CPU.ActiveCfg = Debug|Any CPU
		{15027304-9279-41EF-A329-B90031C48BF0}.Debug|Any CPU.Build.0 = Debug|Any CPU
		{15027304-9279-41EF-A329-B90031C48BF0}.Release|Any CPU.ActiveCfg = Release|Any CPU
		{15027304-9279-41EF-A329-B90031C48BF0}.Release|Any CPU.Build.0 = Release|Any CPU
		{62675EA5-4419-4E7D-9714-DCA8035EB775}.Debug|Any CPU.ActiveCfg = Debug|Any CPU
		{62675EA5-4419-4E7D-9714-DCA8035EB775}.Debug|Any CPU.Build.0 = Debug|Any CPU
		{62675EA5-4419-4E7D-9714-DCA8035EB775}.Release|Any CPU.ActiveCfg = Release|Any CPU
		{62675EA5-4419-4E7D-9714-DCA8035EB775}.Release|Any CPU.Build.0 = Release|Any CPU
		{42E4F119-DAA6-40F0-A4DA-B39827057EAE}.Debug|Any CPU.ActiveCfg = Debug|Any CPU
		{42E4F119-DAA6-40F0-A4DA-B39827057EAE}.Debug|Any CPU.Build.0 = Debug|Any CPU
		{42E4F119-DAA6-40F0-A4DA-B39827057EAE}.Release|Any CPU.ActiveCfg = Release|Any CPU
		{42E4F119-DAA6-40F0-A4DA-B39827057EAE}.Release|Any CPU.Build.0 = Release|Any CPU
		{E5458114-384A-4C3E-BFC3-E5C22ADEF384}.Debug|Any CPU.ActiveCfg = Debug|Any CPU
		{E5458114-384A-4C3E-BFC3-E5C22ADEF384}.Debug|Any CPU.Build.0 = Debug|Any CPU
		{E5458114-384A-4C3E-BFC3-E5C22ADEF384}.Release|Any CPU.ActiveCfg = Release|Any CPU
		{E5458114-384A-4C3E-BFC3-E5C22ADEF384}.Release|Any CPU.Build.0 = Release|Any CPU
		{4ACE8FB2-947B-4488-8F68-CF36E8E366BB}.Debug|Any CPU.ActiveCfg = Debug|Any CPU
		{4ACE8FB2-947B-4488-8F68-CF36E8E366BB}.Debug|Any CPU.Build.0 = Debug|Any CPU
		{4ACE8FB2-947B-4488-8F68-CF36E8E366BB}.Release|Any CPU.ActiveCfg = Release|Any CPU
		{4ACE8FB2-947B-4488-8F68-CF36E8E366BB}.Release|Any CPU.Build.0 = Release|Any CPU
		{2AA79771-484F-4BBD-8FE0-F331E6E1BA67}.Debug|Any CPU.ActiveCfg = Debug|Any CPU
		{2AA79771-484F-4BBD-8FE0-F331E6E1BA67}.Debug|Any CPU.Build.0 = Debug|Any CPU
		{2AA79771-484F-4BBD-8FE0-F331E6E1BA67}.Release|Any CPU.ActiveCfg = Release|Any CPU
		{2AA79771-484F-4BBD-8FE0-F331E6E1BA67}.Release|Any CPU.Build.0 = Release|Any CPU
		{D794A26D-5B5C-4DFD-A114-57C067EA49EE}.Debug|Any CPU.ActiveCfg = Debug|Any CPU
		{D794A26D-5B5C-4DFD-A114-57C067EA49EE}.Debug|Any CPU.Build.0 = Debug|Any CPU
		{D794A26D-5B5C-4DFD-A114-57C067EA49EE}.Release|Any CPU.ActiveCfg = Release|Any CPU
		{D794A26D-5B5C-4DFD-A114-57C067EA49EE}.Release|Any CPU.Build.0 = Release|Any CPU
	EndGlobalSection
	GlobalSection(SolutionProperties) = preSolution
		HideSolutionNode = FALSE
	EndGlobalSection
	GlobalSection(NestedProjects) = preSolution
		{D794A26D-5B5C-4DFD-A114-57C067EA49EE} = {01BA51C9-C94A-41D3-8F22-7D2EAFB0EEC1}
	EndGlobalSection
	GlobalSection(ExtensibilityGlobals) = postSolution
		SolutionGuid = {E05BCF91-5449-465B-A596-A3176127BECE}
	EndGlobalSection
EndGlobal
